# THIS IS AN AUTOGENERATED FILE. DO NOT EDIT THIS FILE DIRECTLY.
# yarn lockfile v1


quasar@^1.0.0-beta.16:
  version "1.0.0-beta.16"
  resolved "https://registry.yarnpkg.com/quasar/-/quasar-1.0.0-beta.16.tgz#fb01e4b689d4cd7152540800876e6d81cff1bb87"
  integrity sha512-co6zLN5ab8fcKgXN9tUYxF7Eik5+UxY+KyXzKj6RLe7RPz7NjBi79vWHgSL3wR068hOQgzM7CBI1T6tcQeoR/Q==

universal-authenticator-library@^0.1.0:
  version "0.1.0"
  resolved "https://registry.yarnpkg.com/universal-authenticator-library/-/universal-authenticator-library-0.1.0.tgz#187e6a85f43e75d4d76b66c228c9e4b59770d4af"
  integrity sha512-45nl80BWf+9WA8vTMXunMicZmHPm4wWdxNnSlL65cCP4OjA1ra4IuH+T7+Ko3P6IfXSfS9+VNCuXai3fip+taA==
